
Microsoft Visual Studio Solution File, Format Version 11.00
# Visual Studio 2010
Project("{FAE04EC0-301F-11D3-BF4B-00C04F79EFBC}") = "EdTechGame", "Assembly-CSharp.csproj", "{1FC41BDF-509F-29C5-361C-28AF2218CD61}"
EndProject
Project("{FAE04EC0-301F-11D3-BF4B-00C04F79EFBC}") = "EdTechGame", "Assembly-CSharp-Editor.csproj", "{F1CFF219-87ED-A2E3-6D7B-E25FEA1E0024}"
EndProject
Global
	GlobalSection(SolutionConfigurationPlatforms) = preSolution
		Debug|Any CPU = Debug|Any CPU
		Release|Any CPU = Release|Any CPU
	EndGlobalSection
	GlobalSection(ProjectConfigurationPlatforms) = postSolution
		{1FC41BDF-509F-29C5-361C-28AF2218CD61}.Debug|Any CPU.ActiveCfg = Debug|Any CPU
		{1FC41BDF-509F-29C5-361C-28AF2218CD61}.Debug|Any CPU.Build.0 = Debug|Any CPU
		{1FC41BDF-509F-29C5-361C-28AF2218CD61}.Release|Any CPU.ActiveCfg = Release|Any CPU
		{1FC41BDF-509F-29C5-361C-28AF2218CD61}.Release|Any CPU.Build.0 = Release|Any CPU
		{F1CFF219-87ED-A2E3-6D7B-E25FEA1E0024}.Debug|Any CPU.ActiveCfg = Debug|Any CPU
		{F1CFF219-87ED-A2E3-6D7B-E25FEA1E0024}.Debug|Any CPU.Build.0 = Debug|Any CPU
		{F1CFF219-87ED-A2E3-6D7B-E25FEA1E0024}.Release|Any CPU.ActiveCfg = Release|Any CPU
		{F1CFF219-87ED-A2E3-6D7B-E25FEA1E0024}.Release|Any CPU.Build.0 = Release|Any CPU
	EndGlobalSection
	GlobalSection(SolutionProperties) = preSolution
		HideSolutionNode = FALSE
	EndGlobalSection
	GlobalSection(MonoDevelopProperties) = preSolution
		StartupItem = Assembly-CSharp.csproj
	EndGlobalSection
EndGlobal
